{
  "version": 4,
  "terraform_version": "1.14.3",
  "serial": 1,
  "lineage": "8f7a428d-dcd9-6f82-20ee-f6cb136d11e1",
  "outputs": {
    "generated_files": {
      "value": {
        "config_file": "./generated/config.json",
        "example_file": "./generated/example.txt"
      },
      "type": [
        "object",
        {
          "config_file": "string",
          "example_file": "string"
        }
      ]
    }
  },
  "resources": [
    {
      "mode": "managed",
      "type": "local_file",
      "name": "config",
      "provider": "provider[\"registry.terraform.io/hashicorp/local\"]",
      "instances": [
        {
          "schema_version": 0,
          "attributes": {
            "content": "{\"application\":\"preserve-files-demo\",\"environment\":\"test\",\"features\":[\"tar-archive\",\"s3-upload\",\"file-restoration\"],\"settings\":{\"cleanup\":true,\"compression\":\"gzip\"},\"version\":\"1.0.0\"}",
            "content_base64": null,
            "content_base64sha256": "ymIn1MAPHS1mWoVTspUsSYzTK2J2WxOPk9JBynAiBsA=",
            "content_base64sha512": "qJNA7/7kC1QzPQBNy+sT6rOupgOxutkfKHX/zI2BvQw3n2fkTtxm8KBhV4GvDUkIhDtNfgIf1RmmpDoJqIp9WQ==",
            "content_md5": "946bae6735b5583cef798fe1eeeabeee",
            "content_sha1": "5856291270e3bf562bc4b4655e381438213f757b",
            "content_sha256": "ca6227d4c00f1d2d665a8553b2952c498cd32b62765b138f93d241ca702206c0",
            "content_sha512": "a89340effee40b54333d004dcbeb13eab3aea603b1bad91f2875ffcc8d81bd0c379f67e44edc66f0a0615781af0d4908843b4d7e021fd519a6a43a09a88a7d59",
            "directory_permission": "0777",
            "file_permission": "0644",
            "filename": "./generated/config.json",
            "id": "5856291270e3bf562bc4b4655e381438213f757b",
            "sensitive_content": null,
            "source": null
          },
          "sensitive_attributes": [
            [
              {
                "type": "get_attr",
                "value": "sensitive_content"
              }
            ]
          ],
          "identity_schema_version": 0
        }
      ]
    },
    {
      "mode": "managed",
      "type": "local_file",
      "name": "example",
      "provider": "provider[\"registry.terraform.io/hashicorp/local\"]",
      "instances": [
        {
          "schema_version": 0,
          "attributes": {
            "content": "This is a dummy file generated by Terraform.\n    \nGenerated at: 2026-02-20T10:13:38Z\n    \nThis file demonstrates the preservation problem:\n- Created during Apply\n- Should be preserved for Verify Plan\n- Without preservation, Terraform will try to recreate it\n    \nSample data:\n- Name: Example File\n- Environment: Test\n- Purpose: Demonstrate file preservation\n",
            "content_base64": null,
            "content_base64sha256": "Vkz7BVyD8K6A4/WUwEn9goffjNa3rCVKQXgihdqfFic=",
            "content_base64sha512": "TMH3L6nQG9AMSzbXVC1h0Agm9dN2G/PyBWbFX6T6KqK992loQ+UpgnmAGtqe/zR6kSnEE8GqlfS6DP8FEkhbiQ==",
            "content_md5": "578c4a9cab2bfb517ceba0a23e88e079",
            "content_sha1": "f6a204836715341b6212b7d2485198ab5673e3ec",
            "content_sha256": "564cfb055c83f0ae80e3f594c049fd8287df8cd6b7ac254a41782285da9f1627",
            "content_sha512": "4cc1f72fa9d01bd00c4b36d7542d61d00826f5d3761bf3f20566c55fa4fa2aa2bdf7696843e5298279801ada9eff347a9129c413c1aa95f4ba0cff0512485b89",
            "directory_permission": "0777",
            "file_permission": "0644",
            "filename": "./generated/example.txt",
            "id": "f6a204836715341b6212b7d2485198ab5673e3ec",
            "sensitive_content": null,
            "source": null
          },
          "sensitive_attributes": [
            [
              {
                "type": "get_attr",
                "value": "sensitive_content"
              }
            ]
          ],
          "identity_schema_version": 0
        }
      ]
    }
  ],
  "check_results": null
}
