{
  "version": 4,
  "terraform_version": "1.14.3",
  "serial": 21,
  "lineage": "8f7a428d-dcd9-6f82-20ee-f6cb136d11e1",
  "outputs": {
    "generated_files": {
      "value": {
        "config_file": "./generated/config.json",
        "data_file": "./temp/exports/data_2026.csv",
        "example_file": "./generated/example.txt",
        "html_file": "./build/public/assets/index.html",
        "properties_file": "./var/config/spring/application.properties",
        "readme_file": "./docs/infrastructure/README.md",
        "script_file": "./scripts/ops/deploy.sh",
        "yaml_file": "./.config/app/settings.yaml"
      },
      "type": [
        "object",
        {
          "config_file": "string",
          "data_file": "string",
          "example_file": "string",
          "html_file": "string",
          "properties_file": "string",
          "readme_file": "string",
          "script_file": "string",
          "yaml_file": "string"
        }
      ]
    }
  },
  "resources": [
    {
      "mode": "managed",
      "type": "local_file",
      "name": "app_config",
      "provider": "provider[\"registry.terraform.io/hashicorp/local\"]",
      "instances": [
        {
          "schema_version": 0,
          "attributes": {
            "content": "apiVersion: v1\nkind: Config\nmetadata:\n  name: preserve-files-demo\n  namespace: default\nspec:\n  replicas: 3\n  image: app:latest\n  env:\n    - name: ENVIRONMENT\n      value: production\n    - name: LOG_LEVEL\n      value: info\n  resources:\n    limits:\n      cpu: 500m\n      memory: 512Mi\n    requests:\n      cpu: 250m\n      memory: 256Mi\n",
            "content_base64": null,
            "content_base64sha256": "OEp7AeZ6D7CT2EtYouxK0OmxwpE+K4lAuIZnB/hBdOU=",
            "content_base64sha512": "H4HbFnJ/2inxNG2EcYR9WqQe0N6JHVN8wDLRFMVRpUylgSG9Zu/B21rIn4gMMpioMeBC4SA3hxx2XQ8jE6gClg==",
            "content_md5": "36baef1852680a244e29fcb290c7bebb",
            "content_sha1": "f5f690bc23da249e62350bd38834bd8091dcb4bd",
            "content_sha256": "384a7b01e67a0fb093d84b58a2ec4ad0e9b1c2913e2b8940b8866707f84174e5",
            "content_sha512": "1f81db16727fda29f1346d8471847d5aa41ed0de891d537cc032d114c551a54ca58121bd66efc1db5ac89f880c3298a831e042e12037871c765d0f2313a80296",
            "directory_permission": "0777",
            "file_permission": "0644",
            "filename": "./.config/app/settings.yaml",
            "id": "f5f690bc23da249e62350bd38834bd8091dcb4bd",
            "sensitive_content": null,
            "source": null
          },
          "sensitive_attributes": [
            [
              {
                "type": "get_attr",
                "value": "sensitive_content"
              }
            ]
          ],
          "identity_schema_version": 0
        }
      ]
    },
    {
      "mode": "managed",
      "type": "local_file",
      "name": "app_properties",
      "provider": "provider[\"registry.terraform.io/hashicorp/local\"]",
      "instances": [
        {
          "schema_version": 0,
          "attributes": {
            "content": "# Application Properties\napp.name=preserve-files-demo\napp.version=1.0.0\napp.environment=production\n    \n# Database Configuration\ndb.host=localhost\ndb.port=5432\ndb.name=appdb\n    \n# Cache Configuration\ncache.enabled=true\ncache.ttl=3600\n    \n# Logging\nlog.level=INFO\nlog.file=/var/log/app.log\n",
            "content_base64": null,
            "content_base64sha256": "eM+V3o2XDdt3F33P6uMa9wAnqe7+FuafsnnFI8JNg54=",
            "content_base64sha512": "QL8ysLvEgo8xnpIszmfJtmhjKMf2UP+jatWmrGbNIT4OFqwVgdpX6rB2TV5Zmk+7LVh8WiHSOiJVsMv3eQN/1g==",
            "content_md5": "4bfc18326f06e78a3c7825c968f46e45",
            "content_sha1": "00368d0fd5dc3407f7d0ea2f474cd71b22ba03ec",
            "content_sha256": "78cf95de8d970ddb77177dcfeae31af70027a9eefe16e69fb279c523c24d839e",
            "content_sha512": "40bf32b0bbc4828f319e922cce67c9b6686328c7f650ffa36ad5a6ac66cd213e0e16ac1581da57eab0764d5e599a4fbb2d587c5a21d23a2255b0cbf779037fd6",
            "directory_permission": "0777",
            "file_permission": "0644",
            "filename": "./var/config/spring/application.properties",
            "id": "00368d0fd5dc3407f7d0ea2f474cd71b22ba03ec",
            "sensitive_content": null,
            "source": null
          },
          "sensitive_attributes": [
            [
              {
                "type": "get_attr",
                "value": "sensitive_content"
              }
            ]
          ],
          "identity_schema_version": 0
        }
      ]
    },
    {
      "mode": "managed",
      "type": "local_file",
      "name": "config",
      "provider": "provider[\"registry.terraform.io/hashicorp/local\"]",
      "instances": [
        {
          "schema_version": 0,
          "attributes": {
            "content": "{\"application\":\"preserve-files-demo\",\"environment\":\"test\",\"features\":[\"tar-archive\",\"s3-upload\",\"file-restoration\"],\"settings\":{\"cleanup\":true,\"compression\":\"gzip\"},\"version\":\"1.0.0\"}",
            "content_base64": null,
            "content_base64sha256": "ymIn1MAPHS1mWoVTspUsSYzTK2J2WxOPk9JBynAiBsA=",
            "content_base64sha512": "qJNA7/7kC1QzPQBNy+sT6rOupgOxutkfKHX/zI2BvQw3n2fkTtxm8KBhV4GvDUkIhDtNfgIf1RmmpDoJqIp9WQ==",
            "content_md5": "946bae6735b5583cef798fe1eeeabeee",
            "content_sha1": "5856291270e3bf562bc4b4655e381438213f757b",
            "content_sha256": "ca6227d4c00f1d2d665a8553b2952c498cd32b62765b138f93d241ca702206c0",
            "content_sha512": "a89340effee40b54333d004dcbeb13eab3aea603b1bad91f2875ffcc8d81bd0c379f67e44edc66f0a0615781af0d4908843b4d7e021fd519a6a43a09a88a7d59",
            "directory_permission": "0777",
            "file_permission": "0644",
            "filename": "./generated/config.json",
            "id": "5856291270e3bf562bc4b4655e381438213f757b",
            "sensitive_content": null,
            "source": null
          },
          "sensitive_attributes": [
            [
              {
                "type": "get_attr",
                "value": "sensitive_content"
              }
            ]
          ],
          "identity_schema_version": 0
        }
      ]
    },
    {
      "mode": "managed",
      "type": "local_file",
      "name": "data_export",
      "provider": "provider[\"registry.terraform.io/hashicorp/local\"]",
      "instances": [
        {
          "schema_version": 0,
          "attributes": {
            "content": "id,name,status,created_at\n1,resource-alpha,active,2026-02-24T10:00:00Z\n2,resource-beta,active,2026-02-24T10:15:00Z\n3,resource-gamma,pending,2026-02-24T10:30:00Z\n4,resource-delta,active,2026-02-24T10:45:00Z\n",
            "content_base64": null,
            "content_base64sha256": "F0KwYphf4e01D5a9fhIKMR1of/2ANcoeWAPxxFEpwpw=",
            "content_base64sha512": "NNHFQ/ZSr3rbaoBM5r/20YXiOEfTc015sv1BGEd0bV32voO/YbDbCbHFgjiXj9CCX1sEykQpqyCVzrkbdKVEbg==",
            "content_md5": "69c73a83976415726765d23d79ea70de",
            "content_sha1": "602123c4384988bf5eb0851becf56d42f77f0840",
            "content_sha256": "1742b062985fe1ed350f96bd7e120a311d687ffd8035ca1e5803f1c45129c29c",
            "content_sha512": "34d1c543f652af7adb6a804ce6bff6d185e23847d3734d79b2fd411847746d5df6be83bf61b0db09b1c58238978fd0825f5b04ca4429ab2095ceb91b74a5446e",
            "directory_permission": "0777",
            "file_permission": "0644",
            "filename": "./temp/exports/data_2026.csv",
            "id": "602123c4384988bf5eb0851becf56d42f77f0840",
            "sensitive_content": null,
            "source": null
          },
          "sensitive_attributes": [
            [
              {
                "type": "get_attr",
                "value": "sensitive_content"
              }
            ]
          ],
          "identity_schema_version": 0
        }
      ]
    },
    {
      "mode": "managed",
      "type": "local_file",
      "name": "deploy_script",
      "provider": "provider[\"registry.terraform.io/hashicorp/local\"]",
      "instances": [
        {
          "schema_version": 0,
          "attributes": {
            "content": "#!/bin/bash\n# Auto-generated deployment script\n    \nset -e\n    \necho \"Starting deployment...\"\necho \"Environment: ${ENVIRONMENT:-production}\"\necho \"Version: 1.0.0\"\n    \n# Deployment steps\necho \"✓ Step 1: Validate configuration\"\necho \"✓ Step 2: Deploy application\"\necho \"✓ Step 3: Run health checks\"\n    \necho \"Deployment complete!\"\n",
            "content_base64": null,
            "content_base64sha256": "PF36/AycsQ7lcA0is2IbT9I37sQvg1aHQhL+efvU5YI=",
            "content_base64sha512": "LKgXomB5Y6urG23yweemevMFlJWQ5FH630USDwWqCbuhXN7Q1Pe0M0UOuUxYESWumvokHsbYCX9J6dHq+e8meA==",
            "content_md5": "4efe0250845fb83a00056e7944850fd0",
            "content_sha1": "9ab485a51c24af5c0f8194c75e9444cf30e418b4",
            "content_sha256": "3c5dfafc0c9cb10ee5700d22b3621b4fd237eec42f8356874212fe79fbd4e582",
            "content_sha512": "2ca817a2607963abab1b6df2c1e7a67af305949590e451fadf45120f05aa09bba15cded0d4f7b433450eb94c581125ae9afa241ec6d8097f49e9d1eaf9ef2678",
            "directory_permission": "0777",
            "file_permission": "0755",
            "filename": "./scripts/ops/deploy.sh",
            "id": "9ab485a51c24af5c0f8194c75e9444cf30e418b4",
            "sensitive_content": null,
            "source": null
          },
          "sensitive_attributes": [
            [
              {
                "type": "get_attr",
                "value": "sensitive_content"
              }
            ]
          ],
          "identity_schema_version": 0
        }
      ]
    },
    {
      "mode": "managed",
      "type": "local_file",
      "name": "example",
      "provider": "provider[\"registry.terraform.io/hashicorp/local\"]",
      "instances": [
        {
          "schema_version": 0,
          "attributes": {
            "content": "This is a dummy file generated by Terraform.\n    \nThis file demonstrates the preservation problem:\n- Created during Apply\n- Should be preserved for Verify Plan\n- Without preservation, Terraform will try to recreate it\n    \nSample data:\n- Name: Example File\n- Environment: Test\n- Purpose: Demonstrate file preservation\n",
            "content_base64": null,
            "content_base64sha256": "dLSuGfWo2Kz+ytlgk+lDdSX+XJHCGX8ubxfaL97JUCs=",
            "content_base64sha512": "4WTtJ2OttxiPTMDHZ/mvoZR7xFJ09CqG8aktTAssMdxpIBTx45xvMDT4lzhrw1lHBpV6nLTztdEj04Xlr0cjHg==",
            "content_md5": "84a2a0a00395dafd270403290d3ada57",
            "content_sha1": "c806d0932e16c3b50e7bb6d39bacf0a253b1cbae",
            "content_sha256": "74b4ae19f5a8d8acfecad96093e9437525fe5c91c2197f2e6f17da2fdec9502b",
            "content_sha512": "e164ed2763adb7188f4cc0c767f9afa1947bc45274f42a86f1a92d4c0b2c31dc692014f1e39c6f3034f897386bc3594706957a9cb4f3b5d123d385e5af47231e",
            "directory_permission": "0777",
            "file_permission": "0644",
            "filename": "./generated/example.txt",
            "id": "c806d0932e16c3b50e7bb6d39bacf0a253b1cbae",
            "sensitive_content": null,
            "source": null
          },
          "sensitive_attributes": [
            [
              {
                "type": "get_attr",
                "value": "sensitive_content"
              }
            ]
          ],
          "identity_schema_version": 0
        }
      ]
    },
    {
      "mode": "managed",
      "type": "local_file",
      "name": "index_html",
      "provider": "provider[\"registry.terraform.io/hashicorp/local\"]",
      "instances": [
        {
          "schema_version": 0,
          "attributes": {
            "content": "\u003c!DOCTYPE html\u003e\n\u003chtml lang=\"en\"\u003e\n\u003chead\u003e\n    \u003cmeta charset=\"UTF-8\"\u003e\n    \u003cmeta name=\"viewport\" content=\"width=device-width, initial-scale=1.0\"\u003e\n    \u003ctitle\u003ePreserve Files Demo\u003c/title\u003e\n\u003c/head\u003e\n\u003cbody\u003e\n    \u003ch1\u003eFile Preservation Demo\u003c/h1\u003e\n    \u003cp\u003eThis HTML file is generated by Terraform and preserved across pipeline stages.\u003c/p\u003e\n    \u003cul\u003e\n        \u003cli\u003eGenerated at build time\u003c/li\u003e\n        \u003cli\u003ePreserved in S3\u003c/li\u003e\n        \u003cli\u003eRestored for verification\u003c/li\u003e\n    \u003c/ul\u003e\n\u003c/body\u003e\n\u003c/html\u003e\n",
            "content_base64": null,
            "content_base64sha256": "sJutUYy7tdS7CbKhz6RNCJBQbJkXzhCFKpjlKPUyF8I=",
            "content_base64sha512": "kMbs/XhoAYjEC0hu0WpwytiiZOXL8eOBI6Ml1pkUmv0OPTj7oYm/o7uF0tnvpMuw/YD4mZw7VxhfZEohrryuew==",
            "content_md5": "7798bbb13dfab5227b5ce54c4a5146ba",
            "content_sha1": "92f4b2f2ddc3f264d71e38be5732d9ce64b88336",
            "content_sha256": "b09bad518cbbb5d4bb09b2a1cfa44d0890506c9917ce10852a98e528f53217c2",
            "content_sha512": "90c6ecfd78680188c40b486ed16a70cad8a264e5cbf1e38123a325d699149afd0e3d38fba189bfa3bb85d2d9efa4cbb0fd80f8999c3b57185f644a21aebcae7b",
            "directory_permission": "0777",
            "file_permission": "0644",
            "filename": "./build/public/assets/index.html",
            "id": "92f4b2f2ddc3f264d71e38be5732d9ce64b88336",
            "sensitive_content": null,
            "source": null
          },
          "sensitive_attributes": [
            [
              {
                "type": "get_attr",
                "value": "sensitive_content"
              }
            ]
          ],
          "identity_schema_version": 0
        }
      ]
    },
    {
      "mode": "managed",
      "type": "local_file",
      "name": "readme",
      "provider": "provider[\"registry.terraform.io/hashicorp/local\"]",
      "instances": [
        {
          "schema_version": 0,
          "attributes": {
            "content": "# Generated Documentation\n    \n## Overview\nThis file is auto-generated by Terraform to demonstrate file preservation.\n    \n## Files in this Archive\n- example.txt: Sample text file\n- config.json: Application configuration\n- README.md: This documentation file\n    \n## Preservation Strategy\nAll files in the `generated/` directory are preserved between pipeline stages\nusing tar archives stored in S3.\n    \n## Usage\nThese files are restored before `terraform plan` verification to prevent\nfalse drift detection.\n",
            "content_base64": null,
            "content_base64sha256": "yptWpe+aoEgWKIbcHfFg3TaHhSON8j/SgIh2/Msty4w=",
            "content_base64sha512": "+Jj30j9+1gUZGjs1HEyAAHjhhCyLUn3+SrEX0oMnXuXG+ROEvTy8E2kXfomvXZVxerhr170wMyeeCxXvdaCALg==",
            "content_md5": "bb29fa90c4a66a3384bea875b38b2866",
            "content_sha1": "ad954e7683a7495986a2c5170cca5b22c304f834",
            "content_sha256": "ca9b56a5ef9aa048162886dc1df160dd368785238df23fd2808876fccb2dcb8c",
            "content_sha512": "f898f7d23f7ed605191a3b351c4c800078e1842c8b527dfe4ab117d283275ee5c6f91384bd3cbc1369177e89af5d95717ab86bd7bd3033279e0b15ef75a0802e",
            "directory_permission": "0777",
            "file_permission": "0644",
            "filename": "./docs/infrastructure/README.md",
            "id": "ad954e7683a7495986a2c5170cca5b22c304f834",
            "sensitive_content": null,
            "source": null
          },
          "sensitive_attributes": [
            [
              {
                "type": "get_attr",
                "value": "sensitive_content"
              }
            ]
          ],
          "identity_schema_version": 0
        }
      ]
    }
  ],
  "check_results": null
}
